
Microsoft Visual Studio Solution File, Format Version 12.00
# Visual Studio Version 16
VisualStudioVersion = 16.0.31005.135
MinimumVisualStudioVersion = 10.0.40219.1
Project("{9A19103F-16F7-4668-BE54-9A1E7A4F7556}") = "PaycheckAPI", "PaycheckAPI\PaycheckAPI.csproj", "{54638085-1A0D-4A44-BE23-D2B7CB520E94}"
EndProject
Project("{FAE04EC0-301F-11D3-BF4B-00C04F79EFBC}") = "Paycheck.Tests", "Paycheck.Tests\Paycheck.Tests.csproj", "{70D64BFB-518B-4019-A9E0-0657CB18E68F}"
EndProject
Global
	GlobalSection(SolutionConfigurationPlatforms) = preSolution
		Debug|Any CPU = Debug|Any CPU
		Release|Any CPU = Release|Any CPU
	EndGlobalSection
	GlobalSection(ProjectConfigurationPlatforms) = postSolution
		{54638085-1A0D-4A44-BE23-D2B7CB520E94}.Debug|Any CPU.ActiveCfg = Debug|Any CPU
		{54638085-1A0D-4A44-BE23-D2B7CB520E94}.Debug|Any CPU.Build.0 = Debug|Any CPU
		{54638085-1A0D-4A44-BE23-D2B7CB520E94}.Release|Any CPU.ActiveCfg = Release|Any CPU
		{54638085-1A0D-4A44-BE23-D2B7CB520E94}.Release|Any CPU.Build.0 = Release|Any CPU
		{70D64BFB-518B-4019-A9E0-0657CB18E68F}.Debug|Any CPU.ActiveCfg = Debug|Any CPU
		{70D64BFB-518B-4019-A9E0-0657CB18E68F}.Debug|Any CPU.Build.0 = Debug|Any CPU
		{70D64BFB-518B-4019-A9E0-0657CB18E68F}.Release|Any CPU.ActiveCfg = Release|Any CPU
		{70D64BFB-518B-4019-A9E0-0657CB18E68F}.Release|Any CPU.Build.0 = Release|Any CPU
	EndGlobalSection
	GlobalSection(SolutionProperties) = preSolution
		HideSolutionNode = FALSE
	EndGlobalSection
	GlobalSection(ExtensibilityGlobals) = postSolution
		SolutionGuid = {D03F1C05-137C-492C-8FCA-6E6B071B2161}
	EndGlobalSection
EndGlobal
